
Microsoft Visual Studio Solution File, Format Version 12.00
# Visual Studio Version 16
VisualStudioVersion = 16.0.31911.196
MinimumVisualStudioVersion = 10.0.40219.1
Project("{FAE04EC0-301F-11D3-BF4B-00C04F79EFBC}") = "Students", "Students\Students.csproj", "{C35010A5-CC5B-454A-81E1-92C6CEC65F81}"
EndProject
Global
	GlobalSection(SolutionConfigurationPlatforms) = preSolution
		Debug|Any CPU = Debug|Any CPU
		Release|Any CPU = Release|Any CPU
	EndGlobalSection
	GlobalSection(ProjectConfigurationPlatforms) = postSolution
		{C35010A5-CC5B-454A-81E1-92C6CEC65F81}.Debug|Any CPU.ActiveCfg = Debug|Any CPU
		{C35010A5-CC5B-454A-81E1-92C6CEC65F81}.Debug|Any CPU.Build.0 = Debug|Any CPU
		{C35010A5-CC5B-454A-81E1-92C6CEC65F81}.Release|Any CPU.ActiveCfg = Release|Any CPU
		{C35010A5-CC5B-454A-81E1-92C6CEC65F81}.Release|Any CPU.Build.0 = Release|Any CPU
	EndGlobalSection
	GlobalSection(SolutionProperties) = preSolution
		HideSolutionNode = FALSE
	EndGlobalSection
	GlobalSection(ExtensibilityGlobals) = postSolution
		SolutionGuid = {BF5AFACD-B726-427C-BAD1-D655CEE563E4}
	EndGlobalSection
EndGlobal
